// !$*UTF8*$!
{
	archiveVersion = 1;
	classes = {
	};
	objectVersion = 50;
	objects = {

/* Begin PBXBuildFile section */
		1AE8D1C724D17EA600447533 /* AppDelegate.swift in Sources */ = {isa = PBXBuildFile; fileRef = 1AE8D1C624D17EA600447533 /* AppDelegate.swift */; };
		1AE8D1C924D17EA600447533 /* SceneDelegate.swift in Sources */ = {isa = PBXBuildFile; fileRef = 1AE8D1C824D17EA600447533 /* SceneDelegate.swift */; };
		1AE8D1CB24D17EA600447533 /* ViewController.swift in Sources */ = {isa = PBXBuildFile; fileRef = 1AE8D1CA24D17EA600447533 /* ViewController.swift */; };
		1AE8D1CE24D17EA600447533 /* Main.storyboard in Resources */ = {isa = PBXBuildFile; fileRef = 1AE8D1CC24D17EA600447533 /* Main.storyboard */; };
		1AE8D1D024D17EAA00447533 /* Assets.xcassets in Resources */ = {isa = PBXBuildFile; fileRef = 1AE8D1CF24D17EAA00447533 /* Assets.xcassets */; };
		1AE8D1D324D17EAA00447533 /* LaunchScreen.storyboard in Resources */ = {isa = PBXBuildFile; fileRef = 1AE8D1D124D17EAA00447533 /* LaunchScreen.storyboard */; };
		1AE8D1DE24D17EAA00447533 /* BlakeAppTests.swift in Sources */ = {isa = PBXBuildFile; fileRef = 1AE8D1DD24D17EAA00447533 /* BlakeAppTests.swift */; };
		1AE8D1EA24D17FA100447533 /* LoginUser.swift in Sources */ = {isa = PBXBuildFile; fileRef = 1AE8D1E924D17FA100447533 /* LoginUser.swift */; };
		1AE8D1ED24D17FFA00447533 /* User.swift in Sources */ = {isa = PBXBuildFile; fileRef = 1AE8D1EC24D17FFA00447533 /* User.swift */; };
/* End PBXBuildFile section */

/* Begin PBXContainerItemProxy section */
		1AE8D1DA24D17EAA00447533 /* PBXContainerItemProxy */ = {
			isa = PBXContainerItemProxy;
			containerPortal = 1AE8D1BB24D17EA600447533 /* Project object */;
			proxyType = 1;
			remoteGlobalIDString = 1AE8D1C224D17EA600447533;
			remoteInfo = BlakeApp;
		};
/* End PBXContainerItemProxy section */

/* Begin PBXFileReference section */
		1AE8D1C324D17EA600447533 /* BlakeApp.app */ = {isa = PBXFileReference; explicitFileType = wrapper.application; includeInIndex = 0; path = BlakeApp.app; sourceTree = BUILT_PRODUCTS_DIR; };
		1AE8D1C624D17EA600447533 /* AppDelegate.swift */ = {isa = PBXFileReference; lastKnownFileType = sourcecode.swift; path = AppDelegate.swift; sourceTree = "<group>"; };
		1AE8D1C824D17EA600447533 /* SceneDelegate.swift */ = {isa = PBXFileReference; lastKnownFileType = sourcecode.swift; path = SceneDelegate.swift; sourceTree = "<group>"; };
		1AE8D1CA24D17EA600447533 /* ViewController.swift */ = {isa = PBXFileReference; lastKnownFileType = sourcecode.swift; path = ViewController.swift; sourceTree = "<group>"; };
		1AE8D1CD24D17EA600447533 /* Base */ = {isa = PBXFileReference; lastKnownFileType = file.storyboard; name = Base; path = Base.lproj/Main.storyboard; sourceTree = "<group>"; };
		1AE8D1CF24D17EAA00447533 /* Assets.xcassets */ = {isa = PBXFileReference; lastKnownFileType = folder.assetcatalog; path = Assets.xcassets; sourceTree = "<group>"; };
		1AE8D1D224D17EAA00447533 /* Base */ = {isa = PBXFileReference; lastKnownFileType = file.storyboard; name = Base; path = Base.lproj/LaunchScreen.storyboard; sourceTree = "<group>"; };
		1AE8D1D424D17EAA00447533 /* Info.plist */ = {isa = PBXFileReference; lastKnownFileType = text.plist.xml; path = Info.plist; sourceTree = "<group>"; };
		1AE8D1D924D17EAA00447533 /* BlakeAppTests.xctest */ = {isa = PBXFileReference; explicitFileType = wrapper.cfbundle; includeInIndex = 0; path = BlakeAppTests.xctest; sourceTree = BUILT_PRODUCTS_DIR; };
		1AE8D1DD24D17EAA00447533 /* BlakeAppTests.swift */ = {isa = PBXFileReference; lastKnownFileType = sourcecode.swift; path = BlakeAppTests.swift; sourceTree = "<group>"; };
		1AE8D1DF24D17EAA00447533 /* Info.plist */ = {isa = PBXFileReference; lastKnownFileType = text.plist.xml; path = Info.plist; sourceTree = "<group>"; };
		1AE8D1E924D17FA100447533 /* LoginUser.swift */ = {isa = PBXFileReference; lastKnownFileType = sourcecode.swift; path = LoginUser.swift; sourceTree = "<group>"; };
		1AE8D1EC24D17FFA00447533 /* User.swift */ = {isa = PBXFileReference; lastKnownFileType = sourcecode.swift; path = User.swift; sourceTree = "<group>"; };
/* End PBXFileReference section */

/* Begin PBXFrameworksBuildPhase section */
		1AE8D1C024D17EA600447533 /* Frameworks */ = {
			isa = PBXFrameworksBuildPhase;
			buildActionMask = 2147483647;
			files = (
			);
			runOnlyForDeploymentPostprocessing = 0;
		};
		1AE8D1D624D17EAA00447533 /* Frameworks */ = {
			isa = PBXFrameworksBuildPhase;
			buildActionMask = 2147483647;
			files = (
			);
			runOnlyForDeploymentPostprocessing = 0;
		};
/* End PBXFrameworksBuildPhase section */

/* Begin PBXGroup section */
		1AE8D1BA24D17EA600447533 = {
			isa = PBXGroup;
			children = (
				1AE8D1C524D17EA600447533 /* BlakeApp */,
				1AE8D1DC24D17EAA00447533 /* BlakeAppTests */,
				1AE8D1C424D17EA600447533 /* Products */,
			);
			sourceTree = "<group>";
		};
		1AE8D1C424D17EA600447533 /* Products */ = {
			isa = PBXGroup;
			children = (
				1AE8D1C324D17EA600447533 /* BlakeApp.app */,
				1AE8D1D924D17EAA00447533 /* BlakeAppTests.xctest */,
			);
			name = Products;
			sourceTree = "<group>";
		};
		1AE8D1C524D17EA600447533 /* BlakeApp */ = {
			isa = PBXGroup;
			children = (
				1AE8D1EB24D17FF100447533 /* Models */,
				1AE8D1E824D17F7A00447533 /* Networking */,
				1AE8D1C624D17EA600447533 /* AppDelegate.swift */,
				1AE8D1C824D17EA600447533 /* SceneDelegate.swift */,
				1AE8D1CA24D17EA600447533 /* ViewController.swift */,
				1AE8D1CC24D17EA600447533 /* Main.storyboard */,
				1AE8D1CF24D17EAA00447533 /* Assets.xcassets */,
				1AE8D1D124D17EAA00447533 /* LaunchScreen.storyboard */,
				1AE8D1D424D17EAA00447533 /* Info.plist */,
			);
			path = BlakeApp;
			sourceTree = "<group>";
		};
		1AE8D1DC24D17EAA00447533 /* BlakeAppTests */ = {
			isa = PBXGroup;
			children = (
				1AE8D1DD24D17EAA00447533 /* BlakeAppTests.swift */,
				1AE8D1DF24D17EAA00447533 /* Info.plist */,
			);
			path = BlakeAppTests;
			sourceTree = "<group>";
		};
		1AE8D1E824D17F7A00447533 /* Networking */ = {
			isa = PBXGroup;
			children = (
				1AE8D1E924D17FA100447533 /* LoginUser.swift */,
			);
			path = Networking;
			sourceTree = "<group>";
		};
		1AE8D1EB24D17FF100447533 /* Models */ = {
			isa = PBXGroup;
			children = (
				1AE8D1EC24D17FFA00447533 /* User.swift */,
			);
			path = Models;
			sourceTree = "<group>";
		};
/* End PBXGroup section */

/* Begin PBXNativeTarget section */
		1AE8D1C224D17EA600447533 /* BlakeApp */ = {
			isa = PBXNativeTarget;
			buildConfigurationList = 1AE8D1E224D17EAA00447533 /* Build configuration list for PBXNativeTarget "BlakeApp" */;
			buildPhases = (
				1AE8D1BF24D17EA600447533 /* Sources */,
				1AE8D1C024D17EA600447533 /* Frameworks */,
				1AE8D1C124D17EA600447533 /* Resources */,
			);
			buildRules = (
			);
			dependencies = (
			);
			name = BlakeApp;
			productName = BlakeApp;
			productReference = 1AE8D1C324D17EA600447533 /* BlakeApp.app */;
			productType = "com.apple.product-type.application";
		};
		1AE8D1D824D17EAA00447533 /* BlakeAppTests */ = {
			isa = PBXNativeTarget;
			buildConfigurationList = 1AE8D1E524D17EAA00447533 /* Build configuration list for PBXNativeTarget "BlakeAppTests" */;
			buildPhases = (
				1AE8D1D524D17EAA00447533 /* Sources */,
				1AE8D1D624D17EAA00447533 /* Frameworks */,
				1AE8D1D724D17EAA00447533 /* Resources */,
			);
			buildRules = (
			);
			dependencies = (
				1AE8D1DB24D17EAA00447533 /* PBXTargetDependency */,
			);
			name = BlakeAppTests;
			productName = BlakeAppTests;
			productReference = 1AE8D1D924D17EAA00447533 /* BlakeAppTests.xctest */;
			productType = "com.apple.product-type.bundle.unit-test";
		};
/* End PBXNativeTarget section */

/* Begin PBXProject section */
		1AE8D1BB24D17EA600447533 /* Project object */ = {
			isa = PBXProject;
			attributes = {
				LastSwiftUpdateCheck = 1150;
				LastUpgradeCheck = 1150;
				ORGANIZATIONNAME = alvis;
				TargetAttributes = {
					1AE8D1C224D17EA600447533 = {
						CreatedOnToolsVersion = 11.5;
					};
					1AE8D1D824D17EAA00447533 = {
						CreatedOnToolsVersion = 11.5;
						TestTargetID = 1AE8D1C224D17EA600447533;
					};
				};
			};
			buildConfigurationList = 1AE8D1BE24D17EA600447533 /* Build configuration list for PBXProject "BlakeApp" */;
			compatibilityVersion = "Xcode 9.3";
			developmentRegion = en;
			hasScannedForEncodings = 0;
			knownRegions = (
				en,
				Base,
			);
			mainGroup = 1AE8D1BA24D17EA600447533;
			productRefGroup = 1AE8D1C424D17EA600447533 /* Products */;
			projectDirPath = "";
			projectRoot = "";
			targets = (
				1AE8D1C224D17EA600447533 /* BlakeApp */,
				1AE8D1D824D17EAA00447533 /* BlakeAppTests */,
			);
		};
/* End PBXProject section */

/* Begin PBXResourcesBuildPhase section */
		1AE8D1C124D17EA600447533 /* Resources */ = {
			isa = PBXResourcesBuildPhase;
			buildActionMask = 2147483647;
			files = (
				1AE8D1D324D17EAA00447533 /* LaunchScreen.storyboard in Resources */,
				1AE8D1D024D17EAA00447533 /* Assets.xcassets in Resources */,
				1AE8D1CE24D17EA600447533 /* Main.storyboard in Resources */,
			);
			runOnlyForDeploymentPostprocessing = 0;
		};
		1AE8D1D724D17EAA00447533 /* Resources */ = {
			isa = PBXResourcesBuildPhase;
			buildActionMask = 2147483647;
			files = (
			);
			runOnlyForDeploymentPostprocessing = 0;
		};
/* End PBXResourcesBuildPhase section */

/* Begin PBXSourcesBuildPhase section */
		1AE8D1BF24D17EA600447533 /* Sources */ = {
			isa = PBXSourcesBuildPhase;
			buildActionMask = 2147483647;
			files = (
				1AE8D1CB24D17EA600447533 /* ViewController.swift in Sources */,
				1AE8D1C724D17EA600447533 /* AppDelegate.swift in Sources */,
				1AE8D1EA24D17FA100447533 /* LoginUser.swift in Sources */,
				1AE8D1ED24D17FFA00447533 /* User.swift in Sources */,
				1AE8D1C924D17EA600447533 /* SceneDelegate.swift in Sources */,
			);
			runOnlyForDeploymentPostprocessing = 0;
		};
		1AE8D1D524D17EAA00447533 /* Sources */ = {
			isa = PBXSourcesBuildPhase;
			buildActionMask = 2147483647;
			files = (
				1AE8D1DE24D17EAA00447533 /* BlakeAppTests.swift in Sources */,
			);
			runOnlyForDeploymentPostprocessing = 0;
		};
/* End PBXSourcesBuildPhase section */

/* Begin PBXTargetDependency section */
		1AE8D1DB24D17EAA00447533 /* PBXTargetDependency */ = {
			isa = PBXTargetDependency;
			target = 1AE8D1C224D17EA600447533 /* BlakeApp */;
			targetProxy = 1AE8D1DA24D17EAA00447533 /* PBXContainerItemProxy */;
		};
/* End PBXTargetDependency section */

/* Begin PBXVariantGroup section */
		1AE8D1CC24D17EA600447533 /* Main.storyboard */ = {
			isa = PBXVariantGroup;
			children = (
				1AE8D1CD24D17EA600447533 /* Base */,
			);
			name = Main.storyboard;
			sourceTree = "<group>";
		};
		1AE8D1D124D17EAA00447533 /* LaunchScreen.storyboard */ = {
			isa = PBXVariantGroup;
			children = (
				1AE8D1D224D17EAA00447533 /* Base */,
			);
			name = LaunchScreen.storyboard;
			sourceTree = "<group>";
		};
/* End PBXVariantGroup section */

/* Begin XCBuildConfiguration section */
		1AE8D1E024D17EAA00447533 /* Debug */ = {
			isa = XCBuildConfiguration;
			buildSettings = {
				ALWAYS_SEARCH_USER_PATHS = NO;
				CLANG_ANALYZER_NONNULL = YES;
				CLANG_ANALYZER_NUMBER_OBJECT_CONVERSION = YES_AGGRESSIVE;
				CLANG_CXX_LANGUAGE_STANDARD = "gnu++14";
				CLANG_CXX_LIBRARY = "libc++";
				CLANG_ENABLE_MODULES = YES;
				CLANG_ENABLE_OBJC_ARC = YES;
				CLANG_ENABLE_OBJC_WEAK = YES;
				CLANG_WARN_BLOCK_CAPTURE_AUTORELEASING = YES;
				CLANG_WARN_BOOL_CONVERSION = YES;
				CLANG_WARN_COMMA = YES;
				CLANG_WARN_CONSTANT_CONVERSION = YES;
				CLANG_WARN_DEPRECATED_OBJC_IMPLEMENTATIONS = YES;
				CLANG_WARN_DIRECT_OBJC_ISA_USAGE = YES_ERROR;
				CLANG_WARN_DOCUMENTATION_COMMENTS = YES;
				CLANG_WARN_EMPTY_BODY = YES;
				CLANG_WARN_ENUM_CONVERSION = YES;
				CLANG_WARN_INFINITE_RECURSION = YES;
				CLANG_WARN_INT_CONVERSION = YES;
				CLANG_WARN_NON_LITERAL_NULL_CONVERSION = YES;
				CLANG_WARN_OBJC_IMPLICIT_RETAIN_SELF = YES;
				CLANG_WARN_OBJC_LITERAL_CONVERSION = YES;
				CLANG_WARN_OBJC_ROOT_CLASS = YES_ERROR;
				CLANG_WARN_RANGE_LOOP_ANALYSIS = YES;
				CLANG_WARN_STRICT_PROTOTYPES = YES;
				CLANG_WARN_SUSPICIOUS_MOVE = YES;
				CLANG_WARN_UNGUARDED_AVAILABILITY = YES_AGGRESSIVE;
				CLANG_WARN_UNREACHABLE_CODE = YES;
				CLANG_WARN__DUPLICATE_METHOD_MATCH = YES;
				COPY_PHASE_STRIP = NO;
				DEBUG_INFORMATION_FORMAT = dwarf;
				ENABLE_STRICT_OBJC_MSGSEND = YES;
				ENABLE_TESTABILITY = YES;
				GCC_C_LANGUAGE_STANDARD = gnu11;
				GCC_DYNAMIC_NO_PIC = NO;
				GCC_NO_COMMON_BLOCKS = YES;
				GCC_OPTIMIZATION_LEVEL = 0;
				GCC_PREPROCESSOR_DEFINITIONS = (
					"DEBUG=1",
					"$(inherited)",
				);
				GCC_WARN_64_TO_32_BIT_CONVERSION = YES;
				GCC_WARN_ABOUT_RETURN_TYPE = YES_ERROR;
				GCC_WARN_UNDECLARED_SELECTOR = YES;
				GCC_WARN_UNINITIALIZED_AUTOS = YES_AGGRESSIVE;
				GCC_WARN_UNUSED_FUNCTION = YES;
				GCC_WARN_UNUSED_VARIABLE = YES;
				IPHONEOS_DEPLOYMENT_TARGET = 13.5;
				MTL_ENABLE_DEBUG_INFO = INCLUDE_SOURCE;
				MTL_FAST_MATH = YES;
				ONLY_ACTIVE_ARCH = YES;
				SDKROOT = iphoneos;
				SWIFT_ACTIVE_COMPILATION_CONDITIONS = DEBUG;
				SWIFT_OPTIMIZATION_LEVEL = "-Onone";
			};
			name = Debug;
		};
		1AE8D1E124D17EAA00447533 /* Release */ = {
			isa = XCBuildConfiguration;
			buildSettings = {
				ALWAYS_SEARCH_USER_PATHS = NO;
				CLANG_ANALYZER_NONNULL = YES;
				CLANG_ANALYZER_NUMBER_OBJECT_CONVERSION = YES_AGGRESSIVE;
				CLANG_CXX_LANGUAGE_STANDARD = "gnu++14";
				CLANG_CXX_LIBRARY = "libc++";
				CLANG_ENABLE_MODULES = YES;
				CLANG_ENABLE_OBJC_ARC = YES;
				CLANG_ENABLE_OBJC_WEAK = YES;
				CLANG_WARN_BLOCK_CAPTURE_AUTORELEASING = YES;
				CLANG_WARN_BOOL_CONVERSION = YES;
				CLANG_WARN_COMMA = YES;
				CLANG_WARN_CONSTANT_CONVERSION = YES;
				CLANG_WARN_DEPRECATED_OBJC_IMPLEMENTATIONS = YES;
				CLANG_WARN_DIRECT_OBJC_ISA_USAGE = YES_ERROR;
				CLANG_WARN_DOCUMENTATION_COMMENTS = YES;
				CLANG_WARN_EMPTY_BODY = YES;
				CLANG_WARN_ENUM_CONVERSION = YES;
				CLANG_WARN_INFINITE_RECURSION = YES;
				CLANG_WARN_INT_CONVERSION = YES;
				CLANG_WARN_NON_LITERAL_NULL_CONVERSION = YES;
				CLANG_WARN_OBJC_IMPLICIT_RETAIN_SELF = YES;
				CLANG_WARN_OBJC_LITERAL_CONVERSION = YES;
				CLANG_WARN_OBJC_ROOT_CLASS = YES_ERROR;
				CLANG_WARN_RANGE_LOOP_ANALYSIS = YES;
				CLANG_WARN_STRICT_PROTOTYPES = YES;
				CLANG_WARN_SUSPICIOUS_MOVE = YES;
				CLANG_WARN_UNGUARDED_AVAILABILITY = YES_AGGRESSIVE;
				CLANG_WARN_UNREACHABLE_CODE = YES;
				CLANG_WARN__DUPLICATE_METHOD_MATCH = YES;
				COPY_PHASE_STRIP = NO;
				DEBUG_INFORMATION_FORMAT = "dwarf-with-dsym";
				ENABLE_NS_ASSERTIONS = NO;
				ENABLE_STRICT_OBJC_MSGSEND = YES;
				GCC_C_LANGUAGE_STANDARD = gnu11;
				GCC_NO_COMMON_BLOCKS = YES;
				GCC_WARN_64_TO_32_BIT_CONVERSION = YES;
				GCC_WARN_ABOUT_RETURN_TYPE = YES_ERROR;
				GCC_WARN_UNDECLARED_SELECTOR = YES;
				GCC_WARN_UNINITIALIZED_AUTOS = YES_AGGRESSIVE;
				GCC_WARN_UNUSED_FUNCTION = YES;
				GCC_WARN_UNUSED_VARIABLE = YES;
				IPHONEOS_DEPLOYMENT_TARGET = 13.5;
				MTL_ENABLE_DEBUG_INFO = NO;
				MTL_FAST_MATH = YES;
				SDKROOT = iphoneos;
				SWIFT_COMPILATION_MODE = wholemodule;
				SWIFT_OPTIMIZATION_LEVEL = "-O";
				VALIDATE_PRODUCT = YES;
			};
			name = Release;
		};
		1AE8D1E324D17EAA00447533 /* Debug */ = {
			isa = XCBuildConfiguration;
			buildSettings = {
				ASSETCATALOG_COMPILER_APPICON_NAME = AppIcon;
				CODE_SIGN_STYLE = Automatic;
				DEVELOPMENT_TEAM = HW9ST7AR42;
				INFOPLIST_FILE = BlakeApp/Info.plist;
				IPHONEOS_DEPLOYMENT_TARGET = 13.5;
				LD_RUNPATH_SEARCH_PATHS = (
					"$(inherited)",
					"@executable_path/Frameworks",
				);
				PRODUCT_BUNDLE_IDENTIFIER = com.alvis.BlakeApp;
				PRODUCT_NAME = "$(TARGET_NAME)";
				SWIFT_VERSION = 5.0;
				TARGETED_DEVICE_FAMILY = "1,2";
			};
			name = Debug;
		};
		1AE8D1E424D17EAA00447533 /* Release */ = {
			isa = XCBuildConfiguration;
			buildSettings = {
				ASSETCATALOG_COMPILER_APPICON_NAME = AppIcon;
				CODE_SIGN_STYLE = Automatic;
				DEVELOPMENT_TEAM = HW9ST7AR42;
				INFOPLIST_FILE = BlakeApp/Info.plist;
				IPHONEOS_DEPLOYMENT_TARGET = 13.5;
				LD_RUNPATH_SEARCH_PATHS = (
					"$(inherited)",
					"@executable_path/Frameworks",
				);
				PRODUCT_BUNDLE_IDENTIFIER = com.alvis.BlakeApp;
				PRODUCT_NAME = "$(TARGET_NAME)";
				SWIFT_VERSION = 5.0;
				TARGETED_DEVICE_FAMILY = "1,2";
			};
			name = Release;
		};
		1AE8D1E624D17EAA00447533 /* Debug */ = {
			isa = XCBuildConfiguration;
			buildSettings = {
				ALWAYS_EMBED_SWIFT_STANDARD_LIBRARIES = YES;
				BUNDLE_LOADER = "$(TEST_HOST)";
				CODE_SIGN_STYLE = Automatic;
				DEVELOPMENT_TEAM = HW9ST7AR42;
				INFOPLIST_FILE = BlakeAppTests/Info.plist;
				IPHONEOS_DEPLOYMENT_TARGET = 13.5;
				LD_RUNPATH_SEARCH_PATHS = (
					"$(inherited)",
					"@executable_path/Frameworks",
					"@loader_path/Frameworks",
				);
				PRODUCT_BUNDLE_IDENTIFIER = com.alvis.BlakeAppTests;
				PRODUCT_NAME = "$(TARGET_NAME)";
				SWIFT_VERSION = 5.0;
				TARGETED_DEVICE_FAMILY = "1,2";
				TEST_HOST = "$(BUILT_PRODUCTS_DIR)/BlakeApp.app/BlakeApp";
			};
			name = Debug;
		};
		1AE8D1E724D17EAA00447533 /* Release */ = {
			isa = XCBuildConfiguration;
			buildSettings = {
				ALWAYS_EMBED_SWIFT_STANDARD_LIBRARIES = YES;
				BUNDLE_LOADER = "$(TEST_HOST)";
				CODE_SIGN_STYLE = Automatic;
				DEVELOPMENT_TEAM = HW9ST7AR42;
				INFOPLIST_FILE = BlakeAppTests/Info.plist;
				IPHONEOS_DEPLOYMENT_TARGET = 13.5;
				LD_RUNPATH_SEARCH_PATHS = (
					"$(inherited)",
					"@executable_path/Frameworks",
					"@loader_path/Frameworks",
				);
				PRODUCT_BUNDLE_IDENTIFIER = com.alvis.BlakeAppTests;
				PRODUCT_NAME = "$(TARGET_NAME)";
				SWIFT_VERSION = 5.0;
				TARGETED_DEVICE_FAMILY = "1,2";
				TEST_HOST = "$(BUILT_PRODUCTS_DIR)/BlakeApp.app/BlakeApp";
			};
			name = Release;
		};
/* End XCBuildConfiguration section */

/* Begin XCConfigurationList section */
		1AE8D1BE24D17EA600447533 /* Build configuration list for PBXProject "BlakeApp" */ = {
			isa = XCConfigurationList;
			buildConfigurations = (
				1AE8D1E024D17EAA00447533 /* Debug */,
				1AE8D1E124D17EAA00447533 /* Release */,
			);
			defaultConfigurationIsVisible = 0;
			defaultConfigurationName = Release;
		};
		1AE8D1E224D17EAA00447533 /* Build configuration list for PBXNativeTarget "BlakeApp" */ = {
			isa = XCConfigurationList;
			buildConfigurations = (
				1AE8D1E324D17EAA00447533 /* Debug */,
				1AE8D1E424D17EAA00447533 /* Release */,
			);
			defaultConfigurationIsVisible = 0;
			defaultConfigurationName = Release;
		};
		1AE8D1E524D17EAA00447533 /* Build configuration list for PBXNativeTarget "BlakeAppTests" */ = {
			isa = XCConfigurationList;
			buildConfigurations = (
				1AE8D1E624D17EAA00447533 /* Debug */,
				1AE8D1E724D17EAA00447533 /* Release */,
			);
			defaultConfigurationIsVisible = 0;
			defaultConfigurationName = Release;
		};
/* End XCConfigurationList section */
	};
	rootObject = 1AE8D1BB24D17EA600447533 /* Project object */;
}
